
Microsoft Visual Studio Solution File, Format Version 12.00
# Visual Studio 15
VisualStudioVersion = 15.0.27703.2026
MinimumVisualStudioVersion = 10.0.40219.1
Project("{FAE04EC0-301F-11D3-BF4B-00C04F79EFBC}") = "PrvaSeminarskaModeli", "PrvaSeminarskaModeli\PrvaSeminarskaModeli.csproj", "{1D8734EA-240F-44C0-8122-66BD8C79EAAC}"
EndProject
Global
	GlobalSection(SolutionConfigurationPlatforms) = preSolution
		Debug|Any CPU = Debug|Any CPU
		Release|Any CPU = Release|Any CPU
	EndGlobalSection
	GlobalSection(ProjectConfigurationPlatforms) = postSolution
		{1D8734EA-240F-44C0-8122-66BD8C79EAAC}.Debug|Any CPU.ActiveCfg = Debug|Any CPU
		{1D8734EA-240F-44C0-8122-66BD8C79EAAC}.Debug|Any CPU.Build.0 = Debug|Any CPU
		{1D8734EA-240F-44C0-8122-66BD8C79EAAC}.Release|Any CPU.ActiveCfg = Release|Any CPU
		{1D8734EA-240F-44C0-8122-66BD8C79EAAC}.Release|Any CPU.Build.0 = Release|Any CPU
	EndGlobalSection
	GlobalSection(SolutionProperties) = preSolution
		HideSolutionNode = FALSE
	EndGlobalSection
	GlobalSection(ExtensibilityGlobals) = postSolution
		SolutionGuid = {1E8E8D5C-8632-427E-AF07-235FF60D4F9E}
	EndGlobalSection
EndGlobal
